// !$*UTF8*$!
{
	archiveVersion = 1;
	classes = {
	};
	objectVersion = 50;
	objects = {

/* Begin PBXBuildFile section */
		4381215125C4FA740080B5DA /* AppDelegate.swift in Sources */ = {isa = PBXBuildFile; fileRef = 4381215025C4FA740080B5DA /* AppDelegate.swift */; };
		4381215325C4FA740080B5DA /* SceneDelegate.swift in Sources */ = {isa = PBXBuildFile; fileRef = 4381215225C4FA740080B5DA /* SceneDelegate.swift */; };
		4381215525C4FA740080B5DA /* ViewController.swift in Sources */ = {isa = PBXBuildFile; fileRef = 4381215425C4FA740080B5DA /* ViewController.swift */; };
		4381215825C4FA740080B5DA /* Main.storyboard in Resources */ = {isa = PBXBuildFile; fileRef = 4381215625C4FA740080B5DA /* Main.storyboard */; };
		4381215A25C4FA750080B5DA /* Assets.xcassets in Resources */ = {isa = PBXBuildFile; fileRef = 4381215925C4FA750080B5DA /* Assets.xcassets */; };
		4381215D25C4FA750080B5DA /* LaunchScreen.storyboard in Resources */ = {isa = PBXBuildFile; fileRef = 4381215B25C4FA750080B5DA /* LaunchScreen.storyboard */; };
		4381216625C5058E0080B5DA /* Type1.swift in Sources */ = {isa = PBXBuildFile; fileRef = 4381216525C5058E0080B5DA /* Type1.swift */; };
		4381217325C55F1D0080B5DA /* NewsDetailController.swift in Sources */ = {isa = PBXBuildFile; fileRef = 4381217225C55F1D0080B5DA /* NewsDetailController.swift */; };
/* End PBXBuildFile section */

/* Begin PBXFileReference section */
		4381214D25C4FA740080B5DA /* news_exercise.app */ = {isa = PBXFileReference; explicitFileType = wrapper.application; includeInIndex = 0; path = news_exercise.app; sourceTree = BUILT_PRODUCTS_DIR; };
		4381215025C4FA740080B5DA /* AppDelegate.swift */ = {isa = PBXFileReference; lastKnownFileType = sourcecode.swift; path = AppDelegate.swift; sourceTree = "<group>"; };
		4381215225C4FA740080B5DA /* SceneDelegate.swift */ = {isa = PBXFileReference; lastKnownFileType = sourcecode.swift; path = SceneDelegate.swift; sourceTree = "<group>"; };
		4381215425C4FA740080B5DA /* ViewController.swift */ = {isa = PBXFileReference; lastKnownFileType = sourcecode.swift; path = ViewController.swift; sourceTree = "<group>"; };
		4381215725C4FA740080B5DA /* Base */ = {isa = PBXFileReference; lastKnownFileType = file.storyboard; name = Base; path = Base.lproj/Main.storyboard; sourceTree = "<group>"; };
		4381215925C4FA750080B5DA /* Assets.xcassets */ = {isa = PBXFileReference; lastKnownFileType = folder.assetcatalog; path = Assets.xcassets; sourceTree = "<group>"; };
		4381215C25C4FA750080B5DA /* Base */ = {isa = PBXFileReference; lastKnownFileType = file.storyboard; name = Base; path = Base.lproj/LaunchScreen.storyboard; sourceTree = "<group>"; };
		4381215E25C4FA750080B5DA /* Info.plist */ = {isa = PBXFileReference; lastKnownFileType = text.plist.xml; path = Info.plist; sourceTree = "<group>"; };
		4381216525C5058E0080B5DA /* Type1.swift */ = {isa = PBXFileReference; lastKnownFileType = sourcecode.swift; path = Type1.swift; sourceTree = "<group>"; };
		4381217225C55F1D0080B5DA /* NewsDetailController.swift */ = {isa = PBXFileReference; lastKnownFileType = sourcecode.swift; path = NewsDetailController.swift; sourceTree = "<group>"; };
/* End PBXFileReference section */

/* Begin PBXFrameworksBuildPhase section */
		4381214A25C4FA740080B5DA /* Frameworks */ = {
			isa = PBXFrameworksBuildPhase;
			buildActionMask = 2147483647;
			files = (
			);
			runOnlyForDeploymentPostprocessing = 0;
		};
/* End PBXFrameworksBuildPhase section */

/* Begin PBXGroup section */
		4381214425C4FA740080B5DA = {
			isa = PBXGroup;
			children = (
				4381214F25C4FA740080B5DA /* news_exercise */,
				4381214E25C4FA740080B5DA /* Products */,
			);
			sourceTree = "<group>";
		};
		4381214E25C4FA740080B5DA /* Products */ = {
			isa = PBXGroup;
			children = (
				4381214D25C4FA740080B5DA /* news_exercise.app */,
			);
			name = Products;
			sourceTree = "<group>";
		};
		4381214F25C4FA740080B5DA /* news_exercise */ = {
			isa = PBXGroup;
			children = (
				4381215025C4FA740080B5DA /* AppDelegate.swift */,
				4381215225C4FA740080B5DA /* SceneDelegate.swift */,
				4381215425C4FA740080B5DA /* ViewController.swift */,
				4381215625C4FA740080B5DA /* Main.storyboard */,
				4381216525C5058E0080B5DA /* Type1.swift */,
				4381215925C4FA750080B5DA /* Assets.xcassets */,
				4381215B25C4FA750080B5DA /* LaunchScreen.storyboard */,
				4381215E25C4FA750080B5DA /* Info.plist */,
				4381217225C55F1D0080B5DA /* NewsDetailController.swift */,
			);
			path = news_exercise;
			sourceTree = "<group>";
		};
/* End PBXGroup section */

/* Begin PBXNativeTarget section */
		4381214C25C4FA740080B5DA /* news_exercise */ = {
			isa = PBXNativeTarget;
			buildConfigurationList = 4381216125C4FA750080B5DA /* Build configuration list for PBXNativeTarget "news_exercise" */;
			buildPhases = (
				4381214925C4FA740080B5DA /* Sources */,
				4381214A25C4FA740080B5DA /* Frameworks */,
				4381214B25C4FA740080B5DA /* Resources */,
			);
			buildRules = (
			);
			dependencies = (
			);
			name = news_exercise;
			productName = news_exercise;
			productReference = 4381214D25C4FA740080B5DA /* news_exercise.app */;
			productType = "com.apple.product-type.application";
		};
/* End PBXNativeTarget section */

/* Begin PBXProject section */
		4381214525C4FA740080B5DA /* Project object */ = {
			isa = PBXProject;
			attributes = {
				LastSwiftUpdateCheck = 1230;
				LastUpgradeCheck = 1230;
				TargetAttributes = {
					4381214C25C4FA740080B5DA = {
						CreatedOnToolsVersion = 12.3;
					};
				};
			};
			buildConfigurationList = 4381214825C4FA740080B5DA /* Build configuration list for PBXProject "news_exercise" */;
			compatibilityVersion = "Xcode 9.3";
			developmentRegion = en;
			hasScannedForEncodings = 0;
			knownRegions = (
				en,
				Base,
			);
			mainGroup = 4381214425C4FA740080B5DA;
			productRefGroup = 4381214E25C4FA740080B5DA /* Products */;
			projectDirPath = "";
			projectRoot = "";
			targets = (
				4381214C25C4FA740080B5DA /* news_exercise */,
			);
		};
/* End PBXProject section */

/* Begin PBXResourcesBuildPhase section */
		4381214B25C4FA740080B5DA /* Resources */ = {
			isa = PBXResourcesBuildPhase;
			buildActionMask = 2147483647;
			files = (
				4381215D25C4FA750080B5DA /* LaunchScreen.storyboard in Resources */,
				4381215A25C4FA750080B5DA /* Assets.xcassets in Resources */,
				4381215825C4FA740080B5DA /* Main.storyboard in Resources */,
			);
			runOnlyForDeploymentPostprocessing = 0;
		};
/* End PBXResourcesBuildPhase section */

/* Begin PBXSourcesBuildPhase section */
		4381214925C4FA740080B5DA /* Sources */ = {
			isa = PBXSourcesBuildPhase;
			buildActionMask = 2147483647;
			files = (
				4381215525C4FA740080B5DA /* ViewController.swift in Sources */,
				4381217325C55F1D0080B5DA /* NewsDetailController.swift in Sources */,
				4381216625C5058E0080B5DA /* Type1.swift in Sources */,
				4381215125C4FA740080B5DA /* AppDelegate.swift in Sources */,
				4381215325C4FA740080B5DA /* SceneDelegate.swift in Sources */,
			);
			runOnlyForDeploymentPostprocessing = 0;
		};
/* End PBXSourcesBuildPhase section */

/* Begin PBXVariantGroup section */
		4381215625C4FA740080B5DA /* Main.storyboard */ = {
			isa = PBXVariantGroup;
			children = (
				4381215725C4FA740080B5DA /* Base */,
			);
			name = Main.storyboard;
			sourceTree = "<group>";
		};
		4381215B25C4FA750080B5DA /* LaunchScreen.storyboard */ = {
			isa = PBXVariantGroup;
			children = (
				4381215C25C4FA750080B5DA /* Base */,
			);
			name = LaunchScreen.storyboard;
			sourceTree = "<group>";
		};
/* End PBXVariantGroup section */

/* Begin XCBuildConfiguration section */
		4381215F25C4FA750080B5DA /* Debug */ = {
			isa = XCBuildConfiguration;
			buildSettings = {
				ALWAYS_SEARCH_USER_PATHS = NO;
				CLANG_ANALYZER_NONNULL = YES;
				CLANG_ANALYZER_NUMBER_OBJECT_CONVERSION = YES_AGGRESSIVE;
				CLANG_CXX_LANGUAGE_STANDARD = "gnu++14";
				CLANG_CXX_LIBRARY = "libc++";
				CLANG_ENABLE_MODULES = YES;
				CLANG_ENABLE_OBJC_ARC = YES;
				CLANG_ENABLE_OBJC_WEAK = YES;
				CLANG_WARN_BLOCK_CAPTURE_AUTORELEASING = YES;
				CLANG_WARN_BOOL_CONVERSION = YES;
				CLANG_WARN_COMMA = YES;
				CLANG_WARN_CONSTANT_CONVERSION = YES;
				CLANG_WARN_DEPRECATED_OBJC_IMPLEMENTATIONS = YES;
				CLANG_WARN_DIRECT_OBJC_ISA_USAGE = YES_ERROR;
				CLANG_WARN_DOCUMENTATION_COMMENTS = YES;
				CLANG_WARN_EMPTY_BODY = YES;
				CLANG_WARN_ENUM_CONVERSION = YES;
				CLANG_WARN_INFINITE_RECURSION = YES;
				CLANG_WARN_INT_CONVERSION = YES;
				CLANG_WARN_NON_LITERAL_NULL_CONVERSION = YES;
				CLANG_WARN_OBJC_IMPLICIT_RETAIN_SELF = YES;
				CLANG_WARN_OBJC_LITERAL_CONVERSION = YES;
				CLANG_WARN_OBJC_ROOT_CLASS = YES_ERROR;
				CLANG_WARN_QUOTED_INCLUDE_IN_FRAMEWORK_HEADER = YES;
				CLANG_WARN_RANGE_LOOP_ANALYSIS = YES;
				CLANG_WARN_STRICT_PROTOTYPES = YES;
				CLANG_WARN_SUSPICIOUS_MOVE = YES;
				CLANG_WARN_UNGUARDED_AVAILABILITY = YES_AGGRESSIVE;
				CLANG_WARN_UNREACHABLE_CODE = YES;
				CLANG_WARN__DUPLICATE_METHOD_MATCH = YES;
				COPY_PHASE_STRIP = NO;
				DEBUG_INFORMATION_FORMAT = dwarf;
				ENABLE_STRICT_OBJC_MSGSEND = YES;
				ENABLE_TESTABILITY = YES;
				GCC_C_LANGUAGE_STANDARD = gnu11;
				GCC_DYNAMIC_NO_PIC = NO;
				GCC_NO_COMMON_BLOCKS = YES;
				GCC_OPTIMIZATION_LEVEL = 0;
				GCC_PREPROCESSOR_DEFINITIONS = (
					"DEBUG=1",
					"$(inherited)",
				);
				GCC_WARN_64_TO_32_BIT_CONVERSION = YES;
				GCC_WARN_ABOUT_RETURN_TYPE = YES_ERROR;
				GCC_WARN_UNDECLARED_SELECTOR = YES;
				GCC_WARN_UNINITIALIZED_AUTOS = YES_AGGRESSIVE;
				GCC_WARN_UNUSED_FUNCTION = YES;
				GCC_WARN_UNUSED_VARIABLE = YES;
				IPHONEOS_DEPLOYMENT_TARGET = 14.3;
				MTL_ENABLE_DEBUG_INFO = INCLUDE_SOURCE;
				MTL_FAST_MATH = YES;
				ONLY_ACTIVE_ARCH = YES;
				SDKROOT = iphoneos;
				SWIFT_ACTIVE_COMPILATION_CONDITIONS = DEBUG;
				SWIFT_OPTIMIZATION_LEVEL = "-Onone";
			};
			name = Debug;
		};
		4381216025C4FA750080B5DA /* Release */ = {
			isa = XCBuildConfiguration;
			buildSettings = {
				ALWAYS_SEARCH_USER_PATHS = NO;
				CLANG_ANALYZER_NONNULL = YES;
				CLANG_ANALYZER_NUMBER_OBJECT_CONVERSION = YES_AGGRESSIVE;
				CLANG_CXX_LANGUAGE_STANDARD = "gnu++14";
				CLANG_CXX_LIBRARY = "libc++";
				CLANG_ENABLE_MODULES = YES;
				CLANG_ENABLE_OBJC_ARC = YES;
				CLANG_ENABLE_OBJC_WEAK = YES;
				CLANG_WARN_BLOCK_CAPTURE_AUTORELEASING = YES;
				CLANG_WARN_BOOL_CONVERSION = YES;
				CLANG_WARN_COMMA = YES;
				CLANG_WARN_CONSTANT_CONVERSION = YES;
				CLANG_WARN_DEPRECATED_OBJC_IMPLEMENTATIONS = YES;
				CLANG_WARN_DIRECT_OBJC_ISA_USAGE = YES_ERROR;
				CLANG_WARN_DOCUMENTATION_COMMENTS = YES;
				CLANG_WARN_EMPTY_BODY = YES;
				CLANG_WARN_ENUM_CONVERSION = YES;
				CLANG_WARN_INFINITE_RECURSION = YES;
				CLANG_WARN_INT_CONVERSION = YES;
				CLANG_WARN_NON_LITERAL_NULL_CONVERSION = YES;
				CLANG_WARN_OBJC_IMPLICIT_RETAIN_SELF = YES;
				CLANG_WARN_OBJC_LITERAL_CONVERSION = YES;
				CLANG_WARN_OBJC_ROOT_CLASS = YES_ERROR;
				CLANG_WARN_QUOTED_INCLUDE_IN_FRAMEWORK_HEADER = YES;
				CLANG_WARN_RANGE_LOOP_ANALYSIS = YES;
				CLANG_WARN_STRICT_PROTOTYPES = YES;
				CLANG_WARN_SUSPICIOUS_MOVE = YES;
				CLANG_WARN_UNGUARDED_AVAILABILITY = YES_AGGRESSIVE;
				CLANG_WARN_UNREACHABLE_CODE = YES;
				CLANG_WARN__DUPLICATE_METHOD_MATCH = YES;
				COPY_PHASE_STRIP = NO;
				DEBUG_INFORMATION_FORMAT = "dwarf-with-dsym";
				ENABLE_NS_ASSERTIONS = NO;
				ENABLE_STRICT_OBJC_MSGSEND = YES;
				GCC_C_LANGUAGE_STANDARD = gnu11;
				GCC_NO_COMMON_BLOCKS = YES;
				GCC_WARN_64_TO_32_BIT_CONVERSION = YES;
				GCC_WARN_ABOUT_RETURN_TYPE = YES_ERROR;
				GCC_WARN_UNDECLARED_SELECTOR = YES;
				GCC_WARN_UNINITIALIZED_AUTOS = YES_AGGRESSIVE;
				GCC_WARN_UNUSED_FUNCTION = YES;
				GCC_WARN_UNUSED_VARIABLE = YES;
				IPHONEOS_DEPLOYMENT_TARGET = 14.3;
				MTL_ENABLE_DEBUG_INFO = NO;
				MTL_FAST_MATH = YES;
				SDKROOT = iphoneos;
				SWIFT_COMPILATION_MODE = wholemodule;
				SWIFT_OPTIMIZATION_LEVEL = "-O";
				VALIDATE_PRODUCT = YES;
			};
			name = Release;
		};
		4381216225C4FA750080B5DA /* Debug */ = {
			isa = XCBuildConfiguration;
			buildSettings = {
				ASSETCATALOG_COMPILER_APPICON_NAME = AppIcon;
				ASSETCATALOG_COMPILER_GLOBAL_ACCENT_COLOR_NAME = AccentColor;
				CODE_SIGN_STYLE = Automatic;
				DEVELOPMENT_TEAM = UFX6P6N6ZW;
				INFOPLIST_FILE = news_exercise/Info.plist;
				LD_RUNPATH_SEARCH_PATHS = (
					"$(inherited)",
					"@executable_path/Frameworks",
				);
				PRODUCT_BUNDLE_IDENTIFIER = "jy.news-exercise";
				PRODUCT_NAME = "$(TARGET_NAME)";
				SWIFT_VERSION = 5.0;
				TARGETED_DEVICE_FAMILY = "1,2";
			};
			name = Debug;
		};
		4381216325C4FA750080B5DA /* Release */ = {
			isa = XCBuildConfiguration;
			buildSettings = {
				ASSETCATALOG_COMPILER_APPICON_NAME = AppIcon;
				ASSETCATALOG_COMPILER_GLOBAL_ACCENT_COLOR_NAME = AccentColor;
				CODE_SIGN_STYLE = Automatic;
				DEVELOPMENT_TEAM = UFX6P6N6ZW;
				INFOPLIST_FILE = news_exercise/Info.plist;
				LD_RUNPATH_SEARCH_PATHS = (
					"$(inherited)",
					"@executable_path/Frameworks",
				);
				PRODUCT_BUNDLE_IDENTIFIER = "jy.news-exercise";
				PRODUCT_NAME = "$(TARGET_NAME)";
				SWIFT_VERSION = 5.0;
				TARGETED_DEVICE_FAMILY = "1,2";
			};
			name = Release;
		};
/* End XCBuildConfiguration section */

/* Begin XCConfigurationList section */
		4381214825C4FA740080B5DA /* Build configuration list for PBXProject "news_exercise" */ = {
			isa = XCConfigurationList;
			buildConfigurations = (
				4381215F25C4FA750080B5DA /* Debug */,
				4381216025C4FA750080B5DA /* Release */,
			);
			defaultConfigurationIsVisible = 0;
			defaultConfigurationName = Release;
		};
		4381216125C4FA750080B5DA /* Build configuration list for PBXNativeTarget "news_exercise" */ = {
			isa = XCConfigurationList;
			buildConfigurations = (
				4381216225C4FA750080B5DA /* Debug */,
				4381216325C4FA750080B5DA /* Release */,
			);
			defaultConfigurationIsVisible = 0;
			defaultConfigurationName = Release;
		};
/* End XCConfigurationList section */
	};
	rootObject = 4381214525C4FA740080B5DA /* Project object */;
}
